// !$*UTF8*$!
{
	archiveVersion = 1;
	classes = {
	};
	objectVersion = 46;
	objects = {

/* Begin PBXBuildFile section */
		B24ED6451EC9632A007C80A2 /* AppDelegate.swift in Sources */ = {isa = PBXBuildFile; fileRef = B24ED6441EC9632A007C80A2 /* AppDelegate.swift */; };
		B24ED6471EC9632A007C80A2 /* ViewController.swift in Sources */ = {isa = PBXBuildFile; fileRef = B24ED6461EC9632A007C80A2 /* ViewController.swift */; };
		B24ED64A1EC9632A007C80A2 /* Main.storyboard in Resources */ = {isa = PBXBuildFile; fileRef = B24ED6481EC9632A007C80A2 /* Main.storyboard */; };
		B24ED64C1EC9632A007C80A2 /* Assets.xcassets in Resources */ = {isa = PBXBuildFile; fileRef = B24ED64B1EC9632A007C80A2 /* Assets.xcassets */; };
		B24ED64F1EC9632A007C80A2 /* LaunchScreen.storyboard in Resources */ = {isa = PBXBuildFile; fileRef = B24ED64D1EC9632A007C80A2 /* LaunchScreen.storyboard */; };
		B24ED6571EC9688C007C80A2 /* PCTableViewCell.swift in Sources */ = {isa = PBXBuildFile; fileRef = B24ED6561EC9688C007C80A2 /* PCTableViewCell.swift */; };
		B24ED6591EC968BA007C80A2 /* Model.swift in Sources */ = {isa = PBXBuildFile; fileRef = B24ED6581EC968BA007C80A2 /* Model.swift */; };
		B2E81A291EC9BBE100C817B2 /* AnimationHelper.swift in Sources */ = {isa = PBXBuildFile; fileRef = B2E81A281EC9BBE100C817B2 /* AnimationHelper.swift */; };
		B2E81A2B1EC9C45400C817B2 /* AnimateViewController.swift in Sources */ = {isa = PBXBuildFile; fileRef = B2E81A2A1EC9C45400C817B2 /* AnimateViewController.swift */; };
/* End PBXBuildFile section */

/* Begin PBXFileReference section */
		B24ED6411EC9632A007C80A2 /* ExpandedListAnimation.app */ = {isa = PBXFileReference; explicitFileType = wrapper.application; includeInIndex = 0; path = ExpandedListAnimation.app; sourceTree = BUILT_PRODUCTS_DIR; };
		B24ED6441EC9632A007C80A2 /* AppDelegate.swift */ = {isa = PBXFileReference; lastKnownFileType = sourcecode.swift; path = AppDelegate.swift; sourceTree = "<group>"; };
		B24ED6461EC9632A007C80A2 /* ViewController.swift */ = {isa = PBXFileReference; lastKnownFileType = sourcecode.swift; path = ViewController.swift; sourceTree = "<group>"; };
		B24ED6491EC9632A007C80A2 /* Base */ = {isa = PBXFileReference; lastKnownFileType = file.storyboard; name = Base; path = Base.lproj/Main.storyboard; sourceTree = "<group>"; };
		B24ED64B1EC9632A007C80A2 /* Assets.xcassets */ = {isa = PBXFileReference; lastKnownFileType = folder.assetcatalog; path = Assets.xcassets; sourceTree = "<group>"; };
		B24ED64E1EC9632A007C80A2 /* Base */ = {isa = PBXFileReference; lastKnownFileType = file.storyboard; name = Base; path = Base.lproj/LaunchScreen.storyboard; sourceTree = "<group>"; };
		B24ED6501EC9632A007C80A2 /* Info.plist */ = {isa = PBXFileReference; lastKnownFileType = text.plist.xml; path = Info.plist; sourceTree = "<group>"; };
		B24ED6561EC9688C007C80A2 /* PCTableViewCell.swift */ = {isa = PBXFileReference; fileEncoding = 4; lastKnownFileType = sourcecode.swift; path = PCTableViewCell.swift; sourceTree = "<group>"; };
		B24ED6581EC968BA007C80A2 /* Model.swift */ = {isa = PBXFileReference; fileEncoding = 4; lastKnownFileType = sourcecode.swift; path = Model.swift; sourceTree = "<group>"; };
		B2E81A281EC9BBE100C817B2 /* AnimationHelper.swift */ = {isa = PBXFileReference; fileEncoding = 4; lastKnownFileType = sourcecode.swift; path = AnimationHelper.swift; sourceTree = "<group>"; };
		B2E81A2A1EC9C45400C817B2 /* AnimateViewController.swift */ = {isa = PBXFileReference; fileEncoding = 4; lastKnownFileType = sourcecode.swift; path = AnimateViewController.swift; sourceTree = "<group>"; };
/* End PBXFileReference section */

/* Begin PBXFrameworksBuildPhase section */
		B24ED63E1EC9632A007C80A2 /* Frameworks */ = {
			isa = PBXFrameworksBuildPhase;
			buildActionMask = 2147483647;
			files = (
			);
			runOnlyForDeploymentPostprocessing = 0;
		};
/* End PBXFrameworksBuildPhase section */

/* Begin PBXGroup section */
		B24ED6381EC96329007C80A2 = {
			isa = PBXGroup;
			children = (
				B24ED6431EC9632A007C80A2 /* ExpandedListAnimation */,
				B24ED6421EC9632A007C80A2 /* Products */,
			);
			sourceTree = "<group>";
		};
		B24ED6421EC9632A007C80A2 /* Products */ = {
			isa = PBXGroup;
			children = (
				B24ED6411EC9632A007C80A2 /* ExpandedListAnimation.app */,
			);
			name = Products;
			sourceTree = "<group>";
		};
		B24ED6431EC9632A007C80A2 /* ExpandedListAnimation */ = {
			isa = PBXGroup;
			children = (
				B24ED6441EC9632A007C80A2 /* AppDelegate.swift */,
				B24ED6461EC9632A007C80A2 /* ViewController.swift */,
				B2E81A2A1EC9C45400C817B2 /* AnimateViewController.swift */,
				B2E81A281EC9BBE100C817B2 /* AnimationHelper.swift */,
				B24ED6581EC968BA007C80A2 /* Model.swift */,
				B24ED6481EC9632A007C80A2 /* Main.storyboard */,
				B24ED64B1EC9632A007C80A2 /* Assets.xcassets */,
				B24ED64D1EC9632A007C80A2 /* LaunchScreen.storyboard */,
				B24ED6501EC9632A007C80A2 /* Info.plist */,
				B24ED6561EC9688C007C80A2 /* PCTableViewCell.swift */,
			);
			path = ExpandedListAnimation;
			sourceTree = "<group>";
		};
/* End PBXGroup section */

/* Begin PBXNativeTarget section */
		B24ED6401EC9632A007C80A2 /* ExpandedListAnimation */ = {
			isa = PBXNativeTarget;
			buildConfigurationList = B24ED6531EC9632A007C80A2 /* Build configuration list for PBXNativeTarget "ExpandedListAnimation" */;
			buildPhases = (
				B24ED63D1EC9632A007C80A2 /* Sources */,
				B24ED63E1EC9632A007C80A2 /* Frameworks */,
				B24ED63F1EC9632A007C80A2 /* Resources */,
			);
			buildRules = (
			);
			dependencies = (
			);
			name = ExpandedListAnimation;
			productName = ExpandedListAnimation;
			productReference = B24ED6411EC9632A007C80A2 /* ExpandedListAnimation.app */;
			productType = "com.apple.product-type.application";
		};
/* End PBXNativeTarget section */

/* Begin PBXProject section */
		B24ED6391EC96329007C80A2 /* Project object */ = {
			isa = PBXProject;
			attributes = {
				LastSwiftUpdateCheck = 0830;
				LastUpgradeCheck = 0830;
				ORGANIZATIONNAME = admin1;
				TargetAttributes = {
					B24ED6401EC9632A007C80A2 = {
						CreatedOnToolsVersion = 8.3.2;
						DevelopmentTeam = 2PXGWPSGZC;
						ProvisioningStyle = Automatic;
					};
				};
			};
			buildConfigurationList = B24ED63C1EC9632A007C80A2 /* Build configuration list for PBXProject "ExpandedListAnimation" */;
			compatibilityVersion = "Xcode 3.2";
			developmentRegion = English;
			hasScannedForEncodings = 0;
			knownRegions = (
				en,
				Base,
			);
			mainGroup = B24ED6381EC96329007C80A2;
			productRefGroup = B24ED6421EC9632A007C80A2 /* Products */;
			projectDirPath = "";
			projectRoot = "";
			targets = (
				B24ED6401EC9632A007C80A2 /* ExpandedListAnimation */,
			);
		};
/* End PBXProject section */

/* Begin PBXResourcesBuildPhase section */
		B24ED63F1EC9632A007C80A2 /* Resources */ = {
			isa = PBXResourcesBuildPhase;
			buildActionMask = 2147483647;
			files = (
				B24ED64F1EC9632A007C80A2 /* LaunchScreen.storyboard in Resources */,
				B24ED64C1EC9632A007C80A2 /* Assets.xcassets in Resources */,
				B24ED64A1EC9632A007C80A2 /* Main.storyboard in Resources */,
			);
			runOnlyForDeploymentPostprocessing = 0;
		};
/* End PBXResourcesBuildPhase section */

/* Begin PBXSourcesBuildPhase section */
		B24ED63D1EC9632A007C80A2 /* Sources */ = {
			isa = PBXSourcesBuildPhase;
			buildActionMask = 2147483647;
			files = (
				B2E81A2B1EC9C45400C817B2 /* AnimateViewController.swift in Sources */,
				B2E81A291EC9BBE100C817B2 /* AnimationHelper.swift in Sources */,
				B24ED6571EC9688C007C80A2 /* PCTableViewCell.swift in Sources */,
				B24ED6471EC9632A007C80A2 /* ViewController.swift in Sources */,
				B24ED6451EC9632A007C80A2 /* AppDelegate.swift in Sources */,
				B24ED6591EC968BA007C80A2 /* Model.swift in Sources */,
			);
			runOnlyForDeploymentPostprocessing = 0;
		};
/* End PBXSourcesBuildPhase section */

/* Begin PBXVariantGroup section */
		B24ED6481EC9632A007C80A2 /* Main.storyboard */ = {
			isa = PBXVariantGroup;
			children = (
				B24ED6491EC9632A007C80A2 /* Base */,
			);
			name = Main.storyboard;
			sourceTree = "<group>";
		};
		B24ED64D1EC9632A007C80A2 /* LaunchScreen.storyboard */ = {
			isa = PBXVariantGroup;
			children = (
				B24ED64E1EC9632A007C80A2 /* Base */,
			);
			name = LaunchScreen.storyboard;
			sourceTree = "<group>";
		};
/* End PBXVariantGroup section */

/* Begin XCBuildConfiguration section */
		B24ED6511EC9632A007C80A2 /* Debug */ = {
			isa = XCBuildConfiguration;
			buildSettings = {
				ALWAYS_SEARCH_USER_PATHS = NO;
				CLANG_ANALYZER_NONNULL = YES;
				CLANG_ANALYZER_NUMBER_OBJECT_CONVERSION = YES_AGGRESSIVE;
				CLANG_CXX_LANGUAGE_STANDARD = "gnu++0x";
				CLANG_CXX_LIBRARY = "libc++";
				CLANG_ENABLE_MODULES = YES;
				CLANG_ENABLE_OBJC_ARC = YES;
				CLANG_WARN_BOOL_CONVERSION = YES;
				CLANG_WARN_CONSTANT_CONVERSION = YES;
				CLANG_WARN_DIRECT_OBJC_ISA_USAGE = YES_ERROR;
				CLANG_WARN_DOCUMENTATION_COMMENTS = YES;
				CLANG_WARN_EMPTY_BODY = YES;
				CLANG_WARN_ENUM_CONVERSION = YES;
				CLANG_WARN_INFINITE_RECURSION = YES;
				CLANG_WARN_INT_CONVERSION = YES;
				CLANG_WARN_OBJC_ROOT_CLASS = YES_ERROR;
				CLANG_WARN_SUSPICIOUS_MOVE = YES;
				CLANG_WARN_UNREACHABLE_CODE = YES;
				CLANG_WARN__DUPLICATE_METHOD_MATCH = YES;
				"CODE_SIGN_IDENTITY[sdk=iphoneos*]" = "iPhone Developer";
				COPY_PHASE_STRIP = NO;
				DEBUG_INFORMATION_FORMAT = dwarf;
				ENABLE_STRICT_OBJC_MSGSEND = YES;
				ENABLE_TESTABILITY = YES;
				GCC_C_LANGUAGE_STANDARD = gnu99;
				GCC_DYNAMIC_NO_PIC = NO;
				GCC_NO_COMMON_BLOCKS = YES;
				GCC_OPTIMIZATION_LEVEL = 0;
				GCC_PREPROCESSOR_DEFINITIONS = (
					"DEBUG=1",
					"$(inherited)",
				);
				GCC_WARN_64_TO_32_BIT_CONVERSION = YES;
				GCC_WARN_ABOUT_RETURN_TYPE = YES_ERROR;
				GCC_WARN_UNDECLARED_SELECTOR = YES;
				GCC_WARN_UNINITIALIZED_AUTOS = YES_AGGRESSIVE;
				GCC_WARN_UNUSED_FUNCTION = YES;
				GCC_WARN_UNUSED_VARIABLE = YES;
				IPHONEOS_DEPLOYMENT_TARGET = 10.3;
				MTL_ENABLE_DEBUG_INFO = YES;
				ONLY_ACTIVE_ARCH = YES;
				SDKROOT = iphoneos;
				SWIFT_ACTIVE_COMPILATION_CONDITIONS = DEBUG;
				SWIFT_OPTIMIZATION_LEVEL = "-Onone";
				TARGETED_DEVICE_FAMILY = "1,2";
			};
			name = Debug;
		};
		B24ED6521EC9632A007C80A2 /* Release */ = {
			isa = XCBuildConfiguration;
			buildSettings = {
				ALWAYS_SEARCH_USER_PATHS = NO;
				CLANG_ANALYZER_NONNULL = YES;
				CLANG_ANALYZER_NUMBER_OBJECT_CONVERSION = YES_AGGRESSIVE;
				CLANG_CXX_LANGUAGE_STANDARD = "gnu++0x";
				CLANG_CXX_LIBRARY = "libc++";
				CLANG_ENABLE_MODULES = YES;
				CLANG_ENABLE_OBJC_ARC = YES;
				CLANG_WARN_BOOL_CONVERSION = YES;
				CLANG_WARN_CONSTANT_CONVERSION = YES;
				CLANG_WARN_DIRECT_OBJC_ISA_USAGE = YES_ERROR;
				CLANG_WARN_DOCUMENTATION_COMMENTS = YES;
				CLANG_WARN_EMPTY_BODY = YES;
				CLANG_WARN_ENUM_CONVERSION = YES;
				CLANG_WARN_INFINITE_RECURSION = YES;
				CLANG_WARN_INT_CONVERSION = YES;
				CLANG_WARN_OBJC_ROOT_CLASS = YES_ERROR;
				CLANG_WARN_SUSPICIOUS_MOVE = YES;
				CLANG_WARN_UNREACHABLE_CODE = YES;
				CLANG_WARN__DUPLICATE_METHOD_MATCH = YES;
				"CODE_SIGN_IDENTITY[sdk=iphoneos*]" = "iPhone Developer";
				COPY_PHASE_STRIP = NO;
				DEBUG_INFORMATION_FORMAT = "dwarf-with-dsym";
				ENABLE_NS_ASSERTIONS = NO;
				ENABLE_STRICT_OBJC_MSGSEND = YES;
				GCC_C_LANGUAGE_STANDARD = gnu99;
				GCC_NO_COMMON_BLOCKS = YES;
				GCC_WARN_64_TO_32_BIT_CONVERSION = YES;
				GCC_WARN_ABOUT_RETURN_TYPE = YES_ERROR;
				GCC_WARN_UNDECLARED_SELECTOR = YES;
				GCC_WARN_UNINITIALIZED_AUTOS = YES_AGGRESSIVE;
				GCC_WARN_UNUSED_FUNCTION = YES;
				GCC_WARN_UNUSED_VARIABLE = YES;
				IPHONEOS_DEPLOYMENT_TARGET = 10.3;
				MTL_ENABLE_DEBUG_INFO = NO;
				SDKROOT = iphoneos;
				SWIFT_OPTIMIZATION_LEVEL = "-Owholemodule";
				TARGETED_DEVICE_FAMILY = "1,2";
				VALIDATE_PRODUCT = YES;
			};
			name = Release;
		};
		B24ED6541EC9632A007C80A2 /* Debug */ = {
			isa = XCBuildConfiguration;
			buildSettings = {
				ASSETCATALOG_COMPILER_APPICON_NAME = AppIcon;
				DEVELOPMENT_TEAM = 2PXGWPSGZC;
				INFOPLIST_FILE = ExpandedListAnimation/Info.plist;
				LD_RUNPATH_SEARCH_PATHS = "$(inherited) @executable_path/Frameworks";
				PRODUCT_BUNDLE_IDENTIFIER = com.ExpandedListAnimation;
				PRODUCT_NAME = "$(TARGET_NAME)";
				SWIFT_VERSION = 3.0;
			};
			name = Debug;
		};
		B24ED6551EC9632A007C80A2 /* Release */ = {
			isa = XCBuildConfiguration;
			buildSettings = {
				ASSETCATALOG_COMPILER_APPICON_NAME = AppIcon;
				DEVELOPMENT_TEAM = 2PXGWPSGZC;
				INFOPLIST_FILE = ExpandedListAnimation/Info.plist;
				LD_RUNPATH_SEARCH_PATHS = "$(inherited) @executable_path/Frameworks";
				PRODUCT_BUNDLE_IDENTIFIER = com.ExpandedListAnimation;
				PRODUCT_NAME = "$(TARGET_NAME)";
				SWIFT_VERSION = 3.0;
			};
			name = Release;
		};
/* End XCBuildConfiguration section */

/* Begin XCConfigurationList section */
		B24ED63C1EC9632A007C80A2 /* Build configuration list for PBXProject "ExpandedListAnimation" */ = {
			isa = XCConfigurationList;
			buildConfigurations = (
				B24ED6511EC9632A007C80A2 /* Debug */,
				B24ED6521EC9632A007C80A2 /* Release */,
			);
			defaultConfigurationIsVisible = 0;
			defaultConfigurationName = Release;
		};
		B24ED6531EC9632A007C80A2 /* Build configuration list for PBXNativeTarget "ExpandedListAnimation" */ = {
			isa = XCConfigurationList;
			buildConfigurations = (
				B24ED6541EC9632A007C80A2 /* Debug */,
				B24ED6551EC9632A007C80A2 /* Release */,
			);
			defaultConfigurationIsVisible = 0;
			defaultConfigurationName = Release;
		};
/* End XCConfigurationList section */
	};
	rootObject = B24ED6391EC96329007C80A2 /* Project object */;
}
